
Microsoft Visual Studio Solution File, Format Version 12.00
# Visual Studio Version 17
VisualStudioVersion = 17.10.35122.118
MinimumVisualStudioVersion = 10.0.40219.1
Project("{2150E333-8FDC-42A3-9474-1A3956D46DE8}") = "src", "src", "{C2DBE876-CCA0-4FC1-A4B5-B2E653A9C95B}"
EndProject
Project("{9A19103F-16F7-4668-BE54-9A1E7A4F7556}") = "GestaoDispositivos.API", "src\GestaoDispositivos.API\GestaoDispositivos.API.csproj", "{A82218B5-52D9-4EEC-9A7D-ED90C1C44073}"
EndProject
Project("{9A19103F-16F7-4668-BE54-9A1E7A4F7556}") = "GestaoDispositivos.Domain", "src\GestaoDispositivos.Domain\GestaoDispositivos.Domain.csproj", "{80CCE2BD-47CB-4AC7-AFAF-63210AE9C411}"
EndProject
Project("{9A19103F-16F7-4668-BE54-9A1E7A4F7556}") = "GestaoDispositivos.App", "src\GestaoDispositivos.App\GestaoDispositivos.App.csproj", "{66F718E6-4EB2-4144-BCF9-9C39C691630B}"
EndProject
Project("{9A19103F-16F7-4668-BE54-9A1E7A4F7556}") = "GestaoDispositivos.Communication", "src\GestaoDispositivos.Communication\GestaoDispositivos.Communication.csproj", "{A25F6092-0A08-44E1-BD16-3DF8FCBCAE03}"
EndProject
Project("{9A19103F-16F7-4668-BE54-9A1E7A4F7556}") = "GestaoDispositivos.Exception", "src\GestaoDispositivos.Exception\GestaoDispositivos.Exception.csproj", "{FB3E6336-0742-4A52-B38F-D6BBF168ADC0}"
EndProject
Project("{9A19103F-16F7-4668-BE54-9A1E7A4F7556}") = "GestaoDispositivos.Infra", "src\GestaoDispositivos.Infra\GestaoDispositivos.Infra.csproj", "{764B8A90-0D7C-4CB9-9C07-77B198B3F91A}"
EndProject
Global
	GlobalSection(SolutionConfigurationPlatforms) = preSolution
		Debug|Any CPU = Debug|Any CPU
		Release|Any CPU = Release|Any CPU
	EndGlobalSection
	GlobalSection(ProjectConfigurationPlatforms) = postSolution
		{A82218B5-52D9-4EEC-9A7D-ED90C1C44073}.Debug|Any CPU.ActiveCfg = Debug|Any CPU
		{A82218B5-52D9-4EEC-9A7D-ED90C1C44073}.Debug|Any CPU.Build.0 = Debug|Any CPU
		{A82218B5-52D9-4EEC-9A7D-ED90C1C44073}.Release|Any CPU.ActiveCfg = Release|Any CPU
		{A82218B5-52D9-4EEC-9A7D-ED90C1C44073}.Release|Any CPU.Build.0 = Release|Any CPU
		{80CCE2BD-47CB-4AC7-AFAF-63210AE9C411}.Debug|Any CPU.ActiveCfg = Debug|Any CPU
		{80CCE2BD-47CB-4AC7-AFAF-63210AE9C411}.Debug|Any CPU.Build.0 = Debug|Any CPU
		{80CCE2BD-47CB-4AC7-AFAF-63210AE9C411}.Release|Any CPU.ActiveCfg = Release|Any CPU
		{80CCE2BD-47CB-4AC7-AFAF-63210AE9C411}.Release|Any CPU.Build.0 = Release|Any CPU
		{66F718E6-4EB2-4144-BCF9-9C39C691630B}.Debug|Any CPU.ActiveCfg = Debug|Any CPU
		{66F718E6-4EB2-4144-BCF9-9C39C691630B}.Debug|Any CPU.Build.0 = Debug|Any CPU
		{66F718E6-4EB2-4144-BCF9-9C39C691630B}.Release|Any CPU.ActiveCfg = Release|Any CPU
		{66F718E6-4EB2-4144-BCF9-9C39C691630B}.Release|Any CPU.Build.0 = Release|Any CPU
		{A25F6092-0A08-44E1-BD16-3DF8FCBCAE03}.Debug|Any CPU.ActiveCfg = Debug|Any CPU
		{A25F6092-0A08-44E1-BD16-3DF8FCBCAE03}.Debug|Any CPU.Build.0 = Debug|Any CPU
		{A25F6092-0A08-44E1-BD16-3DF8FCBCAE03}.Release|Any CPU.ActiveCfg = Release|Any CPU
		{A25F6092-0A08-44E1-BD16-3DF8FCBCAE03}.Release|Any CPU.Build.0 = Release|Any CPU
		{FB3E6336-0742-4A52-B38F-D6BBF168ADC0}.Debug|Any CPU.ActiveCfg = Debug|Any CPU
		{FB3E6336-0742-4A52-B38F-D6BBF168ADC0}.Debug|Any CPU.Build.0 = Debug|Any CPU
		{FB3E6336-0742-4A52-B38F-D6BBF168ADC0}.Release|Any CPU.ActiveCfg = Release|Any CPU
		{FB3E6336-0742-4A52-B38F-D6BBF168ADC0}.Release|Any CPU.Build.0 = Release|Any CPU
		{764B8A90-0D7C-4CB9-9C07-77B198B3F91A}.Debug|Any CPU.ActiveCfg = Debug|Any CPU
		{764B8A90-0D7C-4CB9-9C07-77B198B3F91A}.Debug|Any CPU.Build.0 = Debug|Any CPU
		{764B8A90-0D7C-4CB9-9C07-77B198B3F91A}.Release|Any CPU.ActiveCfg = Release|Any CPU
		{764B8A90-0D7C-4CB9-9C07-77B198B3F91A}.Release|Any CPU.Build.0 = Release|Any CPU
	EndGlobalSection
	GlobalSection(SolutionProperties) = preSolution
		HideSolutionNode = FALSE
	EndGlobalSection
	GlobalSection(NestedProjects) = preSolution
		{A82218B5-52D9-4EEC-9A7D-ED90C1C44073} = {C2DBE876-CCA0-4FC1-A4B5-B2E653A9C95B}
		{80CCE2BD-47CB-4AC7-AFAF-63210AE9C411} = {C2DBE876-CCA0-4FC1-A4B5-B2E653A9C95B}
		{66F718E6-4EB2-4144-BCF9-9C39C691630B} = {C2DBE876-CCA0-4FC1-A4B5-B2E653A9C95B}
		{A25F6092-0A08-44E1-BD16-3DF8FCBCAE03} = {C2DBE876-CCA0-4FC1-A4B5-B2E653A9C95B}
		{FB3E6336-0742-4A52-B38F-D6BBF168ADC0} = {C2DBE876-CCA0-4FC1-A4B5-B2E653A9C95B}
		{764B8A90-0D7C-4CB9-9C07-77B198B3F91A} = {C2DBE876-CCA0-4FC1-A4B5-B2E653A9C95B}
	EndGlobalSection
	GlobalSection(ExtensibilityGlobals) = postSolution
		SolutionGuid = {F4DD9CF5-AA90-48D3-90FF-ACCD4FC56F6B}
	EndGlobalSection
EndGlobal
